
Microsoft Visual Studio Solution File, Format Version 12.00
# Visual Studio 15
VisualStudioVersion = 15.0.28307.329
MinimumVisualStudioVersion = 10.0.40219.1
Project("{FAE04EC0-301F-11D3-BF4B-00C04F79EFBC}") = "ExcelCreater", "ExcelCreater\ExcelCreater.csproj", "{648D4E82-D079-43FE-938B-F8FF6C3CA5CC}"
EndProject
Global
	GlobalSection(SolutionConfigurationPlatforms) = preSolution
		Debug|Any CPU = Debug|Any CPU
		Release|Any CPU = Release|Any CPU
	EndGlobalSection
	GlobalSection(ProjectConfigurationPlatforms) = postSolution
		{648D4E82-D079-43FE-938B-F8FF6C3CA5CC}.Debug|Any CPU.ActiveCfg = Debug|Any CPU
		{648D4E82-D079-43FE-938B-F8FF6C3CA5CC}.Debug|Any CPU.Build.0 = Debug|Any CPU
		{648D4E82-D079-43FE-938B-F8FF6C3CA5CC}.Release|Any CPU.ActiveCfg = Release|Any CPU
		{648D4E82-D079-43FE-938B-F8FF6C3CA5CC}.Release|Any CPU.Build.0 = Release|Any CPU
	EndGlobalSection
	GlobalSection(SolutionProperties) = preSolution
		HideSolutionNode = FALSE
	EndGlobalSection
	GlobalSection(ExtensibilityGlobals) = postSolution
		SolutionGuid = {25437A8C-C459-475D-B691-71AB6F3D7E3E}
	EndGlobalSection
EndGlobal
